
Microsoft Visual Studio Solution File, Format Version 12.00
# Visual Studio 15
VisualStudioVersion = 15.0.27130.2003
MinimumVisualStudioVersion = 10.0.40219.1
Project("{FAE04EC0-301F-11D3-BF4B-00C04F79EFBC}") = "Client", "Main\Client.csproj", "{6A29D275-06BF-41D4-9364-0D5FEE2B0B98}"
	ProjectSection(ProjectDependencies) = postProject
		{628F19F4-192E-414B-B1AF-A6CB7F20D1E5} = {628F19F4-192E-414B-B1AF-A6CB7F20D1E5}
	EndProjectSection
EndProject
Project("{FAE04EC0-301F-11D3-BF4B-00C04F79EFBC}") = "LibraryService", "LibraryService\LibraryService.csproj", "{628F19F4-192E-414B-B1AF-A6CB7F20D1E5}"
EndProject
Global
	GlobalSection(SolutionConfigurationPlatforms) = preSolution
		Debug|Any CPU = Debug|Any CPU
		Release|Any CPU = Release|Any CPU
	EndGlobalSection
	GlobalSection(ProjectConfigurationPlatforms) = postSolution
		{6A29D275-06BF-41D4-9364-0D5FEE2B0B98}.Debug|Any CPU.ActiveCfg = Debug|Any CPU
		{6A29D275-06BF-41D4-9364-0D5FEE2B0B98}.Debug|Any CPU.Build.0 = Debug|Any CPU
		{6A29D275-06BF-41D4-9364-0D5FEE2B0B98}.Release|Any CPU.ActiveCfg = Release|Any CPU
		{6A29D275-06BF-41D4-9364-0D5FEE2B0B98}.Release|Any CPU.Build.0 = Release|Any CPU
		{628F19F4-192E-414B-B1AF-A6CB7F20D1E5}.Debug|Any CPU.ActiveCfg = Debug|Any CPU
		{628F19F4-192E-414B-B1AF-A6CB7F20D1E5}.Debug|Any CPU.Build.0 = Debug|Any CPU
		{628F19F4-192E-414B-B1AF-A6CB7F20D1E5}.Release|Any CPU.ActiveCfg = Release|Any CPU
		{628F19F4-192E-414B-B1AF-A6CB7F20D1E5}.Release|Any CPU.Build.0 = Release|Any CPU
	EndGlobalSection
	GlobalSection(SolutionProperties) = preSolution
		HideSolutionNode = FALSE
	EndGlobalSection
	GlobalSection(ExtensibilityGlobals) = postSolution
		SolutionGuid = {BFAEB395-30BE-4C2C-9A36-D022C9C04DDF}
	EndGlobalSection
EndGlobal
